
Microsoft Visual Studio Solution File, Format Version 12.00
# Visual Studio 15
Project("{FAE04EC0-301F-11D3-BF4B-00C04F79EFBC}") = "Unity.XR.Interaction.Toolkit.Samples.Hands.Editor", "Unity.XR.Interaction.Toolkit.Samples.Hands.Editor.csproj", "{1B55B826-7EEB-5121-2AFA-DD85A8A74D31}"
EndProject
Project("{FAE04EC0-301F-11D3-BF4B-00C04F79EFBC}") = "Unity.XR.Interaction.Toolkit.Samples.StarterAssets", "Unity.XR.Interaction.Toolkit.Samples.StarterAssets.csproj", "{ECB86098-151F-089E-F286-CDF5802B9B8B}"
EndProject
Project("{FAE04EC0-301F-11D3-BF4B-00C04F79EFBC}") = "Unity.XR.Interaction.Toolkit.Samples.Hands", "Unity.XR.Interaction.Toolkit.Samples.Hands.csproj", "{7CE80646-6214-D75D-4EC5-28A16A6C3D66}"
EndProject
Project("{FAE04EC0-301F-11D3-BF4B-00C04F79EFBC}") = "Unity.XR.Hands.Samples.VisualizerSample", "Unity.XR.Hands.Samples.VisualizerSample.csproj", "{16D2E003-65B5-C353-85CC-45FBBD01EBF4}"
EndProject
Project("{FAE04EC0-301F-11D3-BF4B-00C04F79EFBC}") = "Unity.XR.Interaction.Toolkit.Samples.StarterAssets.Editor", "Unity.XR.Interaction.Toolkit.Samples.StarterAssets.Editor.csproj", "{B3F3CD8B-F0F6-D2F0-E45C-00021E3BBD07}"
EndProject
Global
	GlobalSection(SolutionConfigurationPlatforms) = preSolution
		Debug|Any CPU = Debug|Any CPU
		Release|Any CPU = Release|Any CPU
	EndGlobalSection
	GlobalSection(ProjectConfigurationPlatforms) = postSolution
		{1B55B826-7EEB-5121-2AFA-DD85A8A74D31}.Debug|Any CPU.ActiveCfg = Debug|Any CPU
		{1B55B826-7EEB-5121-2AFA-DD85A8A74D31}.Debug|Any CPU.Build.0 = Debug|Any CPU
		{1B55B826-7EEB-5121-2AFA-DD85A8A74D31}.Release|Any CPU.ActiveCfg = Release|Any CPU
		{1B55B826-7EEB-5121-2AFA-DD85A8A74D31}.Release|Any CPU.Build.0 = Release|Any CPU
		{ECB86098-151F-089E-F286-CDF5802B9B8B}.Debug|Any CPU.ActiveCfg = Debug|Any CPU
		{ECB86098-151F-089E-F286-CDF5802B9B8B}.Debug|Any CPU.Build.0 = Debug|Any CPU
		{ECB86098-151F-089E-F286-CDF5802B9B8B}.Release|Any CPU.ActiveCfg = Release|Any CPU
		{ECB86098-151F-089E-F286-CDF5802B9B8B}.Release|Any CPU.Build.0 = Release|Any CPU
		{7CE80646-6214-D75D-4EC5-28A16A6C3D66}.Debug|Any CPU.ActiveCfg = Debug|Any CPU
		{7CE80646-6214-D75D-4EC5-28A16A6C3D66}.Debug|Any CPU.Build.0 = Debug|Any CPU
		{7CE80646-6214-D75D-4EC5-28A16A6C3D66}.Release|Any CPU.ActiveCfg = Release|Any CPU
		{7CE80646-6214-D75D-4EC5-28A16A6C3D66}.Release|Any CPU.Build.0 = Release|Any CPU
		{16D2E003-65B5-C353-85CC-45FBBD01EBF4}.Debug|Any CPU.ActiveCfg = Debug|Any CPU
		{16D2E003-65B5-C353-85CC-45FBBD01EBF4}.Debug|Any CPU.Build.0 = Debug|Any CPU
		{16D2E003-65B5-C353-85CC-45FBBD01EBF4}.Release|Any CPU.ActiveCfg = Release|Any CPU
		{16D2E003-65B5-C353-85CC-45FBBD01EBF4}.Release|Any CPU.Build.0 = Release|Any CPU
		{B3F3CD8B-F0F6-D2F0-E45C-00021E3BBD07}.Debug|Any CPU.ActiveCfg = Debug|Any CPU
		{B3F3CD8B-F0F6-D2F0-E45C-00021E3BBD07}.Debug|Any CPU.Build.0 = Debug|Any CPU
		{B3F3CD8B-F0F6-D2F0-E45C-00021E3BBD07}.Release|Any CPU.ActiveCfg = Release|Any CPU
		{B3F3CD8B-F0F6-D2F0-E45C-00021E3BBD07}.Release|Any CPU.Build.0 = Release|Any CPU
	EndGlobalSection
	GlobalSection(SolutionProperties) = preSolution
		HideSolutionNode = FALSE
	EndGlobalSection
EndGlobal
